
Microsoft Visual Studio Solution File, Format Version 12.00
# Visual Studio Version 16
VisualStudioVersion = 16.0.30717.126
MinimumVisualStudioVersion = 15.0.26124.0
Project("{9A19103F-16F7-4668-BE54-9A1E7A4F7556}") = "CodeCube.AspNetCore.Extensions", "CodeCube.AspNetCore.Extensions\CodeCube.AspNetCore.Extensions.csproj", "{6CC672F5-B7E0-4F56-935B-601E05634E99}"
EndProject
Global
	GlobalSection(SolutionConfigurationPlatforms) = preSolution
		Debug|Any CPU = Debug|Any CPU
		Debug|x64 = Debug|x64
		Debug|x86 = Debug|x86
		Release|Any CPU = Release|Any CPU
		Release|x64 = Release|x64
		Release|x86 = Release|x86
	EndGlobalSection
	GlobalSection(ProjectConfigurationPlatforms) = postSolution
		{6CC672F5-B7E0-4F56-935B-601E05634E99}.Debug|Any CPU.ActiveCfg = Debug|Any CPU
		{6CC672F5-B7E0-4F56-935B-601E05634E99}.Debug|Any CPU.Build.0 = Debug|Any CPU
		{6CC672F5-B7E0-4F56-935B-601E05634E99}.Debug|x64.ActiveCfg = Debug|Any CPU
		{6CC672F5-B7E0-4F56-935B-601E05634E99}.Debug|x64.Build.0 = Debug|Any CPU
		{6CC672F5-B7E0-4F56-935B-601E05634E99}.Debug|x86.ActiveCfg = Debug|Any CPU
		{6CC672F5-B7E0-4F56-935B-601E05634E99}.Debug|x86.Build.0 = Debug|Any CPU
		{6CC672F5-B7E0-4F56-935B-601E05634E99}.Release|Any CPU.ActiveCfg = Release|Any CPU
		{6CC672F5-B7E0-4F56-935B-601E05634E99}.Release|Any CPU.Build.0 = Release|Any CPU
		{6CC672F5-B7E0-4F56-935B-601E05634E99}.Release|x64.ActiveCfg = Release|Any CPU
		{6CC672F5-B7E0-4F56-935B-601E05634E99}.Release|x64.Build.0 = Release|Any CPU
		{6CC672F5-B7E0-4F56-935B-601E05634E99}.Release|x86.ActiveCfg = Release|Any CPU
		{6CC672F5-B7E0-4F56-935B-601E05634E99}.Release|x86.Build.0 = Release|Any CPU
	EndGlobalSection
	GlobalSection(SolutionProperties) = preSolution
		HideSolutionNode = FALSE
	EndGlobalSection
	GlobalSection(ExtensibilityGlobals) = postSolution
		SolutionGuid = {EA48C4F5-CA37-4917-9612-3C3F918346B6}
	EndGlobalSection
EndGlobal
